// !$*UTF8*$!
{
	archiveVersion = 1;
	classes = {
	};
	objectVersion = 52;
	objects = {

/* Begin PBXBuildFile section */
		C80BAE8426460EB000AF8671 /* App.swift in Sources */ = {isa = PBXBuildFile; fileRef = C80BAE8326460EB000AF8671 /* App.swift */; };
		C80BAE8626460EB000AF8671 /* MusicPlayerView.swift in Sources */ = {isa = PBXBuildFile; fileRef = C80BAE8526460EB000AF8671 /* MusicPlayerView.swift */; };
		C80BAE8826460EB100AF8671 /* Assets.xcassets in Resources */ = {isa = PBXBuildFile; fileRef = C80BAE8726460EB100AF8671 /* Assets.xcassets */; };
		C80BAE972646161C00AF8671 /* NowPlayingIndicator.swift in Sources */ = {isa = PBXBuildFile; fileRef = C80BAE962646161C00AF8671 /* NowPlayingIndicator.swift */; };
		C80BAE9A26461A2400AF8671 /* SwiftUIVisualEffects in Frameworks */ = {isa = PBXBuildFile; productRef = C80BAE9926461A2400AF8671 /* SwiftUIVisualEffects */; };
		C80BAE9D2646257400AF8671 /* MusicPlayer.swift in Sources */ = {isa = PBXBuildFile; fileRef = C80BAE9C2646257400AF8671 /* MusicPlayer.swift */; };
		C80BAEA02646344C00AF8671 /* Metadata.swift in Sources */ = {isa = PBXBuildFile; fileRef = C80BAE9F2646344C00AF8671 /* Metadata.swift */; };
		C80BAEA2264635C800AF8671 /* Track.swift in Sources */ = {isa = PBXBuildFile; fileRef = C80BAEA1264635C800AF8671 /* Track.swift */; };
		C80BAEA5264638B600AF8671 /* FetchMetadata.swift in Sources */ = {isa = PBXBuildFile; fileRef = C80BAEA4264638B600AF8671 /* FetchMetadata.swift */; };
		C80BAEA8264638E800AF8671 /* SwiftCoroutine in Frameworks */ = {isa = PBXBuildFile; productRef = C80BAEA7264638E800AF8671 /* SwiftCoroutine */; };
		C8DF421F26464CC400BE084D /* RemoteControlEventHandler.swift in Sources */ = {isa = PBXBuildFile; fileRef = C8DF421E26464CC400BE084D /* RemoteControlEventHandler.swift */; };
		C8DF422126465BE500BE084D /* CircleButton.swift in Sources */ = {isa = PBXBuildFile; fileRef = C8DF422026465BE500BE084D /* CircleButton.swift */; };
/* End PBXBuildFile section */

/* Begin PBXFileReference section */
		C80BAE8026460EB000AF8671 /* CRB.app */ = {isa = PBXFileReference; explicitFileType = wrapper.application; includeInIndex = 0; path = CRB.app; sourceTree = BUILT_PRODUCTS_DIR; };
		C80BAE8326460EB000AF8671 /* App.swift */ = {isa = PBXFileReference; lastKnownFileType = sourcecode.swift; path = App.swift; sourceTree = "<group>"; };
		C80BAE8526460EB000AF8671 /* MusicPlayerView.swift */ = {isa = PBXFileReference; lastKnownFileType = sourcecode.swift; path = MusicPlayerView.swift; sourceTree = "<group>"; };
		C80BAE8726460EB100AF8671 /* Assets.xcassets */ = {isa = PBXFileReference; lastKnownFileType = folder.assetcatalog; path = Assets.xcassets; sourceTree = "<group>"; };
		C80BAE8C26460EB100AF8671 /* Info.plist */ = {isa = PBXFileReference; lastKnownFileType = text.plist.xml; path = Info.plist; sourceTree = "<group>"; };
		C80BAE962646161C00AF8671 /* NowPlayingIndicator.swift */ = {isa = PBXFileReference; lastKnownFileType = sourcecode.swift; path = NowPlayingIndicator.swift; sourceTree = "<group>"; };
		C80BAE9C2646257400AF8671 /* MusicPlayer.swift */ = {isa = PBXFileReference; lastKnownFileType = sourcecode.swift; path = MusicPlayer.swift; sourceTree = "<group>"; };
		C80BAE9F2646344C00AF8671 /* Metadata.swift */ = {isa = PBXFileReference; lastKnownFileType = sourcecode.swift; path = Metadata.swift; sourceTree = "<group>"; };
		C80BAEA1264635C800AF8671 /* Track.swift */ = {isa = PBXFileReference; lastKnownFileType = sourcecode.swift; path = Track.swift; sourceTree = "<group>"; };
		C80BAEA4264638B600AF8671 /* FetchMetadata.swift */ = {isa = PBXFileReference; lastKnownFileType = sourcecode.swift; path = FetchMetadata.swift; sourceTree = "<group>"; };
		C8DF421E26464CC400BE084D /* RemoteControlEventHandler.swift */ = {isa = PBXFileReference; lastKnownFileType = sourcecode.swift; path = RemoteControlEventHandler.swift; sourceTree = "<group>"; };
		C8DF422026465BE500BE084D /* CircleButton.swift */ = {isa = PBXFileReference; lastKnownFileType = sourcecode.swift; path = CircleButton.swift; sourceTree = "<group>"; };
/* End PBXFileReference section */

/* Begin PBXFrameworksBuildPhase section */
		C80BAE7D26460EB000AF8671 /* Frameworks */ = {
			isa = PBXFrameworksBuildPhase;
			buildActionMask = 2147483647;
			files = (
				C80BAE9A26461A2400AF8671 /* SwiftUIVisualEffects in Frameworks */,
				C80BAEA8264638E800AF8671 /* SwiftCoroutine in Frameworks */,
			);
			runOnlyForDeploymentPostprocessing = 0;
		};
/* End PBXFrameworksBuildPhase section */

/* Begin PBXGroup section */
		C80BAE7726460EB000AF8671 = {
			isa = PBXGroup;
			children = (
				C80BAE8226460EB000AF8671 /* CRB */,
				C80BAE8126460EB000AF8671 /* Products */,
			);
			sourceTree = "<group>";
		};
		C80BAE8126460EB000AF8671 /* Products */ = {
			isa = PBXGroup;
			children = (
				C80BAE8026460EB000AF8671 /* CRB.app */,
			);
			name = Products;
			sourceTree = "<group>";
		};
		C80BAE8226460EB000AF8671 /* CRB */ = {
			isa = PBXGroup;
			children = (
				C80BAE8C26460EB100AF8671 /* Info.plist */,
				C80BAE8326460EB000AF8671 /* App.swift */,
				C80BAE9326460ECC00AF8671 /* Assets */,
				C80BAE9E2646344300AF8671 /* Models */,
				C80BAE9226460EC600AF8671 /* User Interface */,
				C80BAEA3264638A400AF8671 /* Music Player */,
			);
			path = CRB;
			sourceTree = "<group>";
		};
		C80BAE9226460EC600AF8671 /* User Interface */ = {
			isa = PBXGroup;
			children = (
				C80BAE8526460EB000AF8671 /* MusicPlayerView.swift */,
				C80BAE962646161C00AF8671 /* NowPlayingIndicator.swift */,
				C8DF421E26464CC400BE084D /* RemoteControlEventHandler.swift */,
				C8DF422026465BE500BE084D /* CircleButton.swift */,
			);
			path = "User Interface";
			sourceTree = "<group>";
		};
		C80BAE9326460ECC00AF8671 /* Assets */ = {
			isa = PBXGroup;
			children = (
				C80BAE8726460EB100AF8671 /* Assets.xcassets */,
			);
			path = Assets;
			sourceTree = "<group>";
		};
		C80BAE9E2646344300AF8671 /* Models */ = {
			isa = PBXGroup;
			children = (
				C80BAE9F2646344C00AF8671 /* Metadata.swift */,
				C80BAEA1264635C800AF8671 /* Track.swift */,
			);
			path = Models;
			sourceTree = "<group>";
		};
		C80BAEA3264638A400AF8671 /* Music Player */ = {
			isa = PBXGroup;
			children = (
				C80BAE9C2646257400AF8671 /* MusicPlayer.swift */,
				C80BAEA4264638B600AF8671 /* FetchMetadata.swift */,
			);
			path = "Music Player";
			sourceTree = "<group>";
		};
/* End PBXGroup section */

/* Begin PBXNativeTarget section */
		C80BAE7F26460EB000AF8671 /* CRB */ = {
			isa = PBXNativeTarget;
			buildConfigurationList = C80BAE8F26460EB100AF8671 /* Build configuration list for PBXNativeTarget "CRB" */;
			buildPhases = (
				C80BAE7C26460EB000AF8671 /* Sources */,
				C80BAE7D26460EB000AF8671 /* Frameworks */,
				C80BAE7E26460EB000AF8671 /* Resources */,
			);
			buildRules = (
			);
			dependencies = (
			);
			name = CRB;
			packageProductDependencies = (
				C80BAE9926461A2400AF8671 /* SwiftUIVisualEffects */,
				C80BAEA7264638E800AF8671 /* SwiftCoroutine */,
			);
			productName = URLPlayer;
			productReference = C80BAE8026460EB000AF8671 /* CRB.app */;
			productType = "com.apple.product-type.application";
		};
/* End PBXNativeTarget section */

/* Begin PBXProject section */
		C80BAE7826460EB000AF8671 /* Project object */ = {
			isa = PBXProject;
			attributes = {
				LastSwiftUpdateCheck = 1250;
				LastUpgradeCheck = 1250;
				TargetAttributes = {
					C80BAE7F26460EB000AF8671 = {
						CreatedOnToolsVersion = 12.5;
					};
				};
			};
			buildConfigurationList = C80BAE7B26460EB000AF8671 /* Build configuration list for PBXProject "CRB" */;
			compatibilityVersion = "Xcode 9.3";
			developmentRegion = en;
			hasScannedForEncodings = 0;
			knownRegions = (
				en,
				Base,
			);
			mainGroup = C80BAE7726460EB000AF8671;
			packageReferences = (
				C80BAE9826461A2400AF8671 /* XCRemoteSwiftPackageReference "swiftui-visual-effects" */,
				C80BAEA6264638E800AF8671 /* XCRemoteSwiftPackageReference "SwiftCoroutine" */,
			);
			productRefGroup = C80BAE8126460EB000AF8671 /* Products */;
			projectDirPath = "";
			projectRoot = "";
			targets = (
				C80BAE7F26460EB000AF8671 /* CRB */,
			);
		};
/* End PBXProject section */

/* Begin PBXResourcesBuildPhase section */
		C80BAE7E26460EB000AF8671 /* Resources */ = {
			isa = PBXResourcesBuildPhase;
			buildActionMask = 2147483647;
			files = (
				C80BAE8826460EB100AF8671 /* Assets.xcassets in Resources */,
			);
			runOnlyForDeploymentPostprocessing = 0;
		};
/* End PBXResourcesBuildPhase section */

/* Begin PBXSourcesBuildPhase section */
		C80BAE7C26460EB000AF8671 /* Sources */ = {
			isa = PBXSourcesBuildPhase;
			buildActionMask = 2147483647;
			files = (
				C80BAEA5264638B600AF8671 /* FetchMetadata.swift in Sources */,
				C80BAE972646161C00AF8671 /* NowPlayingIndicator.swift in Sources */,
				C80BAE8626460EB000AF8671 /* MusicPlayerView.swift in Sources */,
				C8DF422126465BE500BE084D /* CircleButton.swift in Sources */,
				C80BAE9D2646257400AF8671 /* MusicPlayer.swift in Sources */,
				C80BAE8426460EB000AF8671 /* App.swift in Sources */,
				C80BAEA02646344C00AF8671 /* Metadata.swift in Sources */,
				C80BAEA2264635C800AF8671 /* Track.swift in Sources */,
				C8DF421F26464CC400BE084D /* RemoteControlEventHandler.swift in Sources */,
			);
			runOnlyForDeploymentPostprocessing = 0;
		};
/* End PBXSourcesBuildPhase section */

/* Begin XCBuildConfiguration section */
		C80BAE8D26460EB100AF8671 /* Debug */ = {
			isa = XCBuildConfiguration;
			buildSettings = {
				ALWAYS_SEARCH_USER_PATHS = NO;
				CLANG_ANALYZER_NONNULL = YES;
				CLANG_ANALYZER_NUMBER_OBJECT_CONVERSION = YES_AGGRESSIVE;
				CLANG_CXX_LANGUAGE_STANDARD = "gnu++14";
				CLANG_CXX_LIBRARY = "libc++";
				CLANG_ENABLE_MODULES = YES;
				CLANG_ENABLE_OBJC_ARC = YES;
				CLANG_ENABLE_OBJC_WEAK = YES;
				CLANG_WARN_BLOCK_CAPTURE_AUTORELEASING = YES;
				CLANG_WARN_BOOL_CONVERSION = YES;
				CLANG_WARN_COMMA = YES;
				CLANG_WARN_CONSTANT_CONVERSION = YES;
				CLANG_WARN_DEPRECATED_OBJC_IMPLEMENTATIONS = YES;
				CLANG_WARN_DIRECT_OBJC_ISA_USAGE = YES_ERROR;
				CLANG_WARN_DOCUMENTATION_COMMENTS = YES;
				CLANG_WARN_EMPTY_BODY = YES;
				CLANG_WARN_ENUM_CONVERSION = YES;
				CLANG_WARN_INFINITE_RECURSION = YES;
				CLANG_WARN_INT_CONVERSION = YES;
				CLANG_WARN_NON_LITERAL_NULL_CONVERSION = YES;
				CLANG_WARN_OBJC_IMPLICIT_RETAIN_SELF = YES;
				CLANG_WARN_OBJC_LITERAL_CONVERSION = YES;
				CLANG_WARN_OBJC_ROOT_CLASS = YES_ERROR;
				CLANG_WARN_QUOTED_INCLUDE_IN_FRAMEWORK_HEADER = YES;
				CLANG_WARN_RANGE_LOOP_ANALYSIS = YES;
				CLANG_WARN_STRICT_PROTOTYPES = YES;
				CLANG_WARN_SUSPICIOUS_MOVE = YES;
				CLANG_WARN_UNGUARDED_AVAILABILITY = YES_AGGRESSIVE;
				CLANG_WARN_UNREACHABLE_CODE = YES;
				CLANG_WARN__DUPLICATE_METHOD_MATCH = YES;
				COPY_PHASE_STRIP = NO;
				DEBUG_INFORMATION_FORMAT = dwarf;
				ENABLE_STRICT_OBJC_MSGSEND = YES;
				ENABLE_TESTABILITY = YES;
				GCC_C_LANGUAGE_STANDARD = gnu11;
				GCC_DYNAMIC_NO_PIC = NO;
				GCC_NO_COMMON_BLOCKS = YES;
				GCC_OPTIMIZATION_LEVEL = 0;
				GCC_PREPROCESSOR_DEFINITIONS = (
					"DEBUG=1",
					"$(inherited)",
				);
				GCC_WARN_64_TO_32_BIT_CONVERSION = YES;
				GCC_WARN_ABOUT_RETURN_TYPE = YES_ERROR;
				GCC_WARN_UNDECLARED_SELECTOR = YES;
				GCC_WARN_UNINITIALIZED_AUTOS = YES_AGGRESSIVE;
				GCC_WARN_UNUSED_FUNCTION = YES;
				GCC_WARN_UNUSED_VARIABLE = YES;
				IPHONEOS_DEPLOYMENT_TARGET = 14.5;
				MTL_ENABLE_DEBUG_INFO = INCLUDE_SOURCE;
				MTL_FAST_MATH = YES;
				ONLY_ACTIVE_ARCH = YES;
				SDKROOT = iphoneos;
				SWIFT_ACTIVE_COMPILATION_CONDITIONS = DEBUG;
				SWIFT_OPTIMIZATION_LEVEL = "-Onone";
			};
			name = Debug;
		};
		C80BAE8E26460EB100AF8671 /* Release */ = {
			isa = XCBuildConfiguration;
			buildSettings = {
				ALWAYS_SEARCH_USER_PATHS = NO;
				CLANG_ANALYZER_NONNULL = YES;
				CLANG_ANALYZER_NUMBER_OBJECT_CONVERSION = YES_AGGRESSIVE;
				CLANG_CXX_LANGUAGE_STANDARD = "gnu++14";
				CLANG_CXX_LIBRARY = "libc++";
				CLANG_ENABLE_MODULES = YES;
				CLANG_ENABLE_OBJC_ARC = YES;
				CLANG_ENABLE_OBJC_WEAK = YES;
				CLANG_WARN_BLOCK_CAPTURE_AUTORELEASING = YES;
				CLANG_WARN_BOOL_CONVERSION = YES;
				CLANG_WARN_COMMA = YES;
				CLANG_WARN_CONSTANT_CONVERSION = YES;
				CLANG_WARN_DEPRECATED_OBJC_IMPLEMENTATIONS = YES;
				CLANG_WARN_DIRECT_OBJC_ISA_USAGE = YES_ERROR;
				CLANG_WARN_DOCUMENTATION_COMMENTS = YES;
				CLANG_WARN_EMPTY_BODY = YES;
				CLANG_WARN_ENUM_CONVERSION = YES;
				CLANG_WARN_INFINITE_RECURSION = YES;
				CLANG_WARN_INT_CONVERSION = YES;
				CLANG_WARN_NON_LITERAL_NULL_CONVERSION = YES;
				CLANG_WARN_OBJC_IMPLICIT_RETAIN_SELF = YES;
				CLANG_WARN_OBJC_LITERAL_CONVERSION = YES;
				CLANG_WARN_OBJC_ROOT_CLASS = YES_ERROR;
				CLANG_WARN_QUOTED_INCLUDE_IN_FRAMEWORK_HEADER = YES;
				CLANG_WARN_RANGE_LOOP_ANALYSIS = YES;
				CLANG_WARN_STRICT_PROTOTYPES = YES;
				CLANG_WARN_SUSPICIOUS_MOVE = YES;
				CLANG_WARN_UNGUARDED_AVAILABILITY = YES_AGGRESSIVE;
				CLANG_WARN_UNREACHABLE_CODE = YES;
				CLANG_WARN__DUPLICATE_METHOD_MATCH = YES;
				COPY_PHASE_STRIP = NO;
				DEBUG_INFORMATION_FORMAT = "dwarf-with-dsym";
				ENABLE_NS_ASSERTIONS = NO;
				ENABLE_STRICT_OBJC_MSGSEND = YES;
				GCC_C_LANGUAGE_STANDARD = gnu11;
				GCC_NO_COMMON_BLOCKS = YES;
				GCC_WARN_64_TO_32_BIT_CONVERSION = YES;
				GCC_WARN_ABOUT_RETURN_TYPE = YES_ERROR;
				GCC_WARN_UNDECLARED_SELECTOR = YES;
				GCC_WARN_UNINITIALIZED_AUTOS = YES_AGGRESSIVE;
				GCC_WARN_UNUSED_FUNCTION = YES;
				GCC_WARN_UNUSED_VARIABLE = YES;
				IPHONEOS_DEPLOYMENT_TARGET = 14.5;
				MTL_ENABLE_DEBUG_INFO = NO;
				MTL_FAST_MATH = YES;
				SDKROOT = iphoneos;
				SWIFT_COMPILATION_MODE = wholemodule;
				SWIFT_OPTIMIZATION_LEVEL = "-O";
				VALIDATE_PRODUCT = YES;
			};
			name = Release;
		};
		C80BAE9026460EB100AF8671 /* Debug */ = {
			isa = XCBuildConfiguration;
			buildSettings = {
				ASSETCATALOG_COMPILER_APPICON_NAME = AppIcon;
				ASSETCATALOG_COMPILER_GLOBAL_ACCENT_COLOR_NAME = AccentColor;
				CODE_SIGN_STYLE = Automatic;
				DEVELOPMENT_TEAM = D42D4S8LQX;
				ENABLE_PREVIEWS = YES;
				INFOPLIST_FILE = CRB/Info.plist;
				IPHONEOS_DEPLOYMENT_TARGET = 14.0;
				LD_RUNPATH_SEARCH_PATHS = (
					"$(inherited)",
					"@executable_path/Frameworks",
				);
				PRODUCT_BUNDLE_IDENTIFIER = dev.gramer.CRB;
				PRODUCT_NAME = "$(TARGET_NAME)";
				SWIFT_VERSION = 5.0;
				TARGETED_DEVICE_FAMILY = "1,2";
			};
			name = Debug;
		};
		C80BAE9126460EB100AF8671 /* Release */ = {
			isa = XCBuildConfiguration;
			buildSettings = {
				ASSETCATALOG_COMPILER_APPICON_NAME = AppIcon;
				ASSETCATALOG_COMPILER_GLOBAL_ACCENT_COLOR_NAME = AccentColor;
				CODE_SIGN_STYLE = Automatic;
				DEVELOPMENT_TEAM = D42D4S8LQX;
				ENABLE_PREVIEWS = YES;
				INFOPLIST_FILE = CRB/Info.plist;
				IPHONEOS_DEPLOYMENT_TARGET = 14.0;
				LD_RUNPATH_SEARCH_PATHS = (
					"$(inherited)",
					"@executable_path/Frameworks",
				);
				PRODUCT_BUNDLE_IDENTIFIER = dev.gramer.CRB;
				PRODUCT_NAME = "$(TARGET_NAME)";
				SWIFT_VERSION = 5.0;
				TARGETED_DEVICE_FAMILY = "1,2";
			};
			name = Release;
		};
/* End XCBuildConfiguration section */

/* Begin XCConfigurationList section */
		C80BAE7B26460EB000AF8671 /* Build configuration list for PBXProject "CRB" */ = {
			isa = XCConfigurationList;
			buildConfigurations = (
				C80BAE8D26460EB100AF8671 /* Debug */,
				C80BAE8E26460EB100AF8671 /* Release */,
			);
			defaultConfigurationIsVisible = 0;
			defaultConfigurationName = Release;
		};
		C80BAE8F26460EB100AF8671 /* Build configuration list for PBXNativeTarget "CRB" */ = {
			isa = XCConfigurationList;
			buildConfigurations = (
				C80BAE9026460EB100AF8671 /* Debug */,
				C80BAE9126460EB100AF8671 /* Release */,
			);
			defaultConfigurationIsVisible = 0;
			defaultConfigurationName = Release;
		};
/* End XCConfigurationList section */

/* Begin XCRemoteSwiftPackageReference section */
		C80BAE9826461A2400AF8671 /* XCRemoteSwiftPackageReference "swiftui-visual-effects" */ = {
			isa = XCRemoteSwiftPackageReference;
			repositoryURL = "https://github.com/lucasbrown/swiftui-visual-effects";
			requirement = {
				kind = upToNextMajorVersion;
				minimumVersion = 1.0.3;
			};
		};
		C80BAEA6264638E800AF8671 /* XCRemoteSwiftPackageReference "SwiftCoroutine" */ = {
			isa = XCRemoteSwiftPackageReference;
			repositoryURL = "https://github.com/belozierov/SwiftCoroutine";
			requirement = {
				kind = upToNextMajorVersion;
				minimumVersion = 2.1.10;
			};
		};
/* End XCRemoteSwiftPackageReference section */

/* Begin XCSwiftPackageProductDependency section */
		C80BAE9926461A2400AF8671 /* SwiftUIVisualEffects */ = {
			isa = XCSwiftPackageProductDependency;
			package = C80BAE9826461A2400AF8671 /* XCRemoteSwiftPackageReference "swiftui-visual-effects" */;
			productName = SwiftUIVisualEffects;
		};
		C80BAEA7264638E800AF8671 /* SwiftCoroutine */ = {
			isa = XCSwiftPackageProductDependency;
			package = C80BAEA6264638E800AF8671 /* XCRemoteSwiftPackageReference "SwiftCoroutine" */;
			productName = SwiftCoroutine;
		};
/* End XCSwiftPackageProductDependency section */
	};
	rootObject = C80BAE7826460EB000AF8671 /* Project object */;
}
