// !$*UTF8*$!
{
	archiveVersion = 1;
	classes = {
	};
	objectVersion = 52;
	objects = {

/* Begin PBXBuildFile section */
		C82F1DE2243ED9DD008A6F21 /* InfoButtonsView.swift in Sources */ = {isa = PBXBuildFile; fileRef = C82F1DE1243ED9DD008A6F21 /* InfoButtonsView.swift */; };
		C82F1DE5243EE3D3008A6F21 /* StreamPlayer.swift in Sources */ = {isa = PBXBuildFile; fileRef = C82F1DE4243EE3D3008A6F21 /* StreamPlayer.swift */; };
		C82F1DE7243FA9DE008A6F21 /* FetchMetadata.swift in Sources */ = {isa = PBXBuildFile; fileRef = C82F1DE6243FA9DE008A6F21 /* FetchMetadata.swift */; };
		C82F1DEC243FAE0C008A6F21 /* Metadata.swift in Sources */ = {isa = PBXBuildFile; fileRef = C82F1DEB243FAE0C008A6F21 /* Metadata.swift */; };
		C82F1DEF243FB257008A6F21 /* String+NilIfEmpty.swift in Sources */ = {isa = PBXBuildFile; fileRef = C82F1DEE243FB257008A6F21 /* String+NilIfEmpty.swift */; };
		C831DFE4243FC16600F1BC88 /* TimeInterval+Format.swift in Sources */ = {isa = PBXBuildFile; fileRef = C831DFE3243FC16600F1BC88 /* TimeInterval+Format.swift */; };
		C8657587243EC44A0043F6EB /* MainScreenVC.swift in Sources */ = {isa = PBXBuildFile; fileRef = C8657586243EC44A0043F6EB /* MainScreenVC.swift */; };
		C865758A243EC64C0043F6EB /* SnapKit in Frameworks */ = {isa = PBXBuildFile; productRef = C8657589243EC64C0043F6EB /* SnapKit */; };
		C865758C243EC67B0043F6EB /* PlayerView.swift in Sources */ = {isa = PBXBuildFile; fileRef = C865758B243EC67B0043F6EB /* PlayerView.swift */; };
		C865758E243ED0E90043F6EB /* PlayerButton.swift in Sources */ = {isa = PBXBuildFile; fileRef = C865758D243ED0E90043F6EB /* PlayerButton.swift */; };
		C8657590243ED5050043F6EB /* MoreInfoView.swift in Sources */ = {isa = PBXBuildFile; fileRef = C865758F243ED5050043F6EB /* MoreInfoView.swift */; };
		C8657592243ED5790043F6EB /* MoreInfoCell.swift in Sources */ = {isa = PBXBuildFile; fileRef = C8657591243ED5790043F6EB /* MoreInfoCell.swift */; };
		C8657594243ED88B0043F6EB /* InfoButtonCell.swift in Sources */ = {isa = PBXBuildFile; fileRef = C8657593243ED88B0043F6EB /* InfoButtonCell.swift */; };
		C8EA421924383354000E55AF /* AppDelegate.swift in Sources */ = {isa = PBXBuildFile; fileRef = C8EA421824383354000E55AF /* AppDelegate.swift */; };
		C8EA421B24383354000E55AF /* SceneDelegate.swift in Sources */ = {isa = PBXBuildFile; fileRef = C8EA421A24383354000E55AF /* SceneDelegate.swift */; };
		C8EA421F24383358000E55AF /* Assets.xcassets in Resources */ = {isa = PBXBuildFile; fileRef = C8EA421E24383358000E55AF /* Assets.xcassets */; };
		C8EA422524383358000E55AF /* LaunchScreen.storyboard in Resources */ = {isa = PBXBuildFile; fileRef = C8EA422324383358000E55AF /* LaunchScreen.storyboard */; };
/* End PBXBuildFile section */

/* Begin PBXFileReference section */
		C82F1DE1243ED9DD008A6F21 /* InfoButtonsView.swift */ = {isa = PBXFileReference; lastKnownFileType = sourcecode.swift; path = InfoButtonsView.swift; sourceTree = "<group>"; };
		C82F1DE4243EE3D3008A6F21 /* StreamPlayer.swift */ = {isa = PBXFileReference; lastKnownFileType = sourcecode.swift; path = StreamPlayer.swift; sourceTree = "<group>"; };
		C82F1DE6243FA9DE008A6F21 /* FetchMetadata.swift */ = {isa = PBXFileReference; lastKnownFileType = sourcecode.swift; path = FetchMetadata.swift; sourceTree = "<group>"; };
		C82F1DEB243FAE0C008A6F21 /* Metadata.swift */ = {isa = PBXFileReference; lastKnownFileType = sourcecode.swift; path = Metadata.swift; sourceTree = "<group>"; };
		C82F1DEE243FB257008A6F21 /* String+NilIfEmpty.swift */ = {isa = PBXFileReference; lastKnownFileType = sourcecode.swift; path = "String+NilIfEmpty.swift"; sourceTree = "<group>"; };
		C831DFE3243FC16600F1BC88 /* TimeInterval+Format.swift */ = {isa = PBXFileReference; lastKnownFileType = sourcecode.swift; path = "TimeInterval+Format.swift"; sourceTree = "<group>"; };
		C8657586243EC44A0043F6EB /* MainScreenVC.swift */ = {isa = PBXFileReference; lastKnownFileType = sourcecode.swift; path = MainScreenVC.swift; sourceTree = "<group>"; };
		C865758B243EC67B0043F6EB /* PlayerView.swift */ = {isa = PBXFileReference; lastKnownFileType = sourcecode.swift; path = PlayerView.swift; sourceTree = "<group>"; };
		C865758D243ED0E90043F6EB /* PlayerButton.swift */ = {isa = PBXFileReference; lastKnownFileType = sourcecode.swift; path = PlayerButton.swift; sourceTree = "<group>"; };
		C865758F243ED5050043F6EB /* MoreInfoView.swift */ = {isa = PBXFileReference; lastKnownFileType = sourcecode.swift; path = MoreInfoView.swift; sourceTree = "<group>"; };
		C8657591243ED5790043F6EB /* MoreInfoCell.swift */ = {isa = PBXFileReference; lastKnownFileType = sourcecode.swift; path = MoreInfoCell.swift; sourceTree = "<group>"; };
		C8657593243ED88B0043F6EB /* InfoButtonCell.swift */ = {isa = PBXFileReference; lastKnownFileType = sourcecode.swift; path = InfoButtonCell.swift; sourceTree = "<group>"; };
		C8EA421524383354000E55AF /* WCRB.app */ = {isa = PBXFileReference; explicitFileType = wrapper.application; includeInIndex = 0; path = WCRB.app; sourceTree = BUILT_PRODUCTS_DIR; };
		C8EA421824383354000E55AF /* AppDelegate.swift */ = {isa = PBXFileReference; lastKnownFileType = sourcecode.swift; path = AppDelegate.swift; sourceTree = "<group>"; };
		C8EA421A24383354000E55AF /* SceneDelegate.swift */ = {isa = PBXFileReference; lastKnownFileType = sourcecode.swift; path = SceneDelegate.swift; sourceTree = "<group>"; };
		C8EA421E24383358000E55AF /* Assets.xcassets */ = {isa = PBXFileReference; lastKnownFileType = folder.assetcatalog; path = Assets.xcassets; sourceTree = "<group>"; };
		C8EA422424383358000E55AF /* Base */ = {isa = PBXFileReference; lastKnownFileType = file.storyboard; name = Base; path = Base.lproj/LaunchScreen.storyboard; sourceTree = "<group>"; };
		C8EA422624383358000E55AF /* Info.plist */ = {isa = PBXFileReference; lastKnownFileType = text.plist.xml; path = Info.plist; sourceTree = "<group>"; };
/* End PBXFileReference section */

/* Begin PBXFrameworksBuildPhase section */
		C8EA421224383354000E55AF /* Frameworks */ = {
			isa = PBXFrameworksBuildPhase;
			buildActionMask = 2147483647;
			files = (
				C865758A243EC64C0043F6EB /* SnapKit in Frameworks */,
			);
			runOnlyForDeploymentPostprocessing = 0;
		};
/* End PBXFrameworksBuildPhase section */

/* Begin PBXGroup section */
		C82F1DE3243EE3C8008A6F21 /* Services */ = {
			isa = PBXGroup;
			children = (
				C82F1DE4243EE3D3008A6F21 /* StreamPlayer.swift */,
				C82F1DE6243FA9DE008A6F21 /* FetchMetadata.swift */,
				C82F1DEB243FAE0C008A6F21 /* Metadata.swift */,
			);
			path = Services;
			sourceTree = "<group>";
		};
		C82F1DED243FB24D008A6F21 /* Helpers */ = {
			isa = PBXGroup;
			children = (
				C82F1DEE243FB257008A6F21 /* String+NilIfEmpty.swift */,
				C831DFE3243FC16600F1BC88 /* TimeInterval+Format.swift */,
			);
			path = Helpers;
			sourceTree = "<group>";
		};
		C8657585243EC43F0043F6EB /* Main */ = {
			isa = PBXGroup;
			children = (
				C8657586243EC44A0043F6EB /* MainScreenVC.swift */,
				C865758B243EC67B0043F6EB /* PlayerView.swift */,
				C865758D243ED0E90043F6EB /* PlayerButton.swift */,
				C865758F243ED5050043F6EB /* MoreInfoView.swift */,
				C8657591243ED5790043F6EB /* MoreInfoCell.swift */,
				C8657593243ED88B0043F6EB /* InfoButtonCell.swift */,
				C82F1DE1243ED9DD008A6F21 /* InfoButtonsView.swift */,
			);
			path = Main;
			sourceTree = "<group>";
		};
		C8993D21243924D5004B11D3 /* Assets */ = {
			isa = PBXGroup;
			children = (
				C8EA421E24383358000E55AF /* Assets.xcassets */,
			);
			path = Assets;
			sourceTree = "<group>";
		};
		C8EA420C24383354000E55AF = {
			isa = PBXGroup;
			children = (
				C8EA421724383354000E55AF /* WCRB */,
				C8EA421624383354000E55AF /* Products */,
			);
			sourceTree = "<group>";
		};
		C8EA421624383354000E55AF /* Products */ = {
			isa = PBXGroup;
			children = (
				C8EA421524383354000E55AF /* WCRB.app */,
			);
			name = Products;
			sourceTree = "<group>";
		};
		C8EA421724383354000E55AF /* WCRB */ = {
			isa = PBXGroup;
			children = (
				C8EA421824383354000E55AF /* AppDelegate.swift */,
				C8EA421A24383354000E55AF /* SceneDelegate.swift */,
				C8EA422324383358000E55AF /* LaunchScreen.storyboard */,
				C8EA422624383358000E55AF /* Info.plist */,
				C8993D21243924D5004B11D3 /* Assets */,
				C8EA422C2438337F000E55AF /* Screens */,
				C82F1DE3243EE3C8008A6F21 /* Services */,
				C82F1DED243FB24D008A6F21 /* Helpers */,
			);
			path = WCRB;
			sourceTree = "<group>";
		};
		C8EA422C2438337F000E55AF /* Screens */ = {
			isa = PBXGroup;
			children = (
				C8657585243EC43F0043F6EB /* Main */,
			);
			path = Screens;
			sourceTree = "<group>";
		};
/* End PBXGroup section */

/* Begin PBXNativeTarget section */
		C8EA421424383354000E55AF /* WCRB */ = {
			isa = PBXNativeTarget;
			buildConfigurationList = C8EA422924383358000E55AF /* Build configuration list for PBXNativeTarget "WCRB" */;
			buildPhases = (
				C8EA421124383354000E55AF /* Sources */,
				C8EA421224383354000E55AF /* Frameworks */,
				C8EA421324383354000E55AF /* Resources */,
			);
			buildRules = (
			);
			dependencies = (
			);
			name = WCRB;
			packageProductDependencies = (
				C8657589243EC64C0043F6EB /* SnapKit */,
			);
			productName = WCRB;
			productReference = C8EA421524383354000E55AF /* WCRB.app */;
			productType = "com.apple.product-type.application";
		};
/* End PBXNativeTarget section */

/* Begin PBXProject section */
		C8EA420D24383354000E55AF /* Project object */ = {
			isa = PBXProject;
			attributes = {
				LastSwiftUpdateCheck = 1140;
				LastUpgradeCheck = 1140;
				ORGANIZATIONNAME = "Wilson Gramer";
				TargetAttributes = {
					C8EA421424383354000E55AF = {
						CreatedOnToolsVersion = 11.4;
					};
				};
			};
			buildConfigurationList = C8EA421024383354000E55AF /* Build configuration list for PBXProject "WCRB" */;
			compatibilityVersion = "Xcode 9.3";
			developmentRegion = en;
			hasScannedForEncodings = 0;
			knownRegions = (
				en,
				Base,
			);
			mainGroup = C8EA420C24383354000E55AF;
			packageReferences = (
				C8657588243EC64C0043F6EB /* XCRemoteSwiftPackageReference "SnapKit" */,
			);
			productRefGroup = C8EA421624383354000E55AF /* Products */;
			projectDirPath = "";
			projectRoot = "";
			targets = (
				C8EA421424383354000E55AF /* WCRB */,
			);
		};
/* End PBXProject section */

/* Begin PBXResourcesBuildPhase section */
		C8EA421324383354000E55AF /* Resources */ = {
			isa = PBXResourcesBuildPhase;
			buildActionMask = 2147483647;
			files = (
				C8EA422524383358000E55AF /* LaunchScreen.storyboard in Resources */,
				C8EA421F24383358000E55AF /* Assets.xcassets in Resources */,
			);
			runOnlyForDeploymentPostprocessing = 0;
		};
/* End PBXResourcesBuildPhase section */

/* Begin PBXSourcesBuildPhase section */
		C8EA421124383354000E55AF /* Sources */ = {
			isa = PBXSourcesBuildPhase;
			buildActionMask = 2147483647;
			files = (
				C82F1DE2243ED9DD008A6F21 /* InfoButtonsView.swift in Sources */,
				C865758E243ED0E90043F6EB /* PlayerButton.swift in Sources */,
				C8EA421924383354000E55AF /* AppDelegate.swift in Sources */,
				C8EA421B24383354000E55AF /* SceneDelegate.swift in Sources */,
				C831DFE4243FC16600F1BC88 /* TimeInterval+Format.swift in Sources */,
				C8657594243ED88B0043F6EB /* InfoButtonCell.swift in Sources */,
				C82F1DEF243FB257008A6F21 /* String+NilIfEmpty.swift in Sources */,
				C8657592243ED5790043F6EB /* MoreInfoCell.swift in Sources */,
				C82F1DE7243FA9DE008A6F21 /* FetchMetadata.swift in Sources */,
				C82F1DE5243EE3D3008A6F21 /* StreamPlayer.swift in Sources */,
				C8657590243ED5050043F6EB /* MoreInfoView.swift in Sources */,
				C865758C243EC67B0043F6EB /* PlayerView.swift in Sources */,
				C82F1DEC243FAE0C008A6F21 /* Metadata.swift in Sources */,
				C8657587243EC44A0043F6EB /* MainScreenVC.swift in Sources */,
			);
			runOnlyForDeploymentPostprocessing = 0;
		};
/* End PBXSourcesBuildPhase section */

/* Begin PBXVariantGroup section */
		C8EA422324383358000E55AF /* LaunchScreen.storyboard */ = {
			isa = PBXVariantGroup;
			children = (
				C8EA422424383358000E55AF /* Base */,
			);
			name = LaunchScreen.storyboard;
			sourceTree = "<group>";
		};
/* End PBXVariantGroup section */

/* Begin XCBuildConfiguration section */
		C8EA422724383358000E55AF /* Debug */ = {
			isa = XCBuildConfiguration;
			buildSettings = {
				ALWAYS_SEARCH_USER_PATHS = NO;
				CLANG_ANALYZER_NONNULL = YES;
				CLANG_ANALYZER_NUMBER_OBJECT_CONVERSION = YES_AGGRESSIVE;
				CLANG_CXX_LANGUAGE_STANDARD = "gnu++14";
				CLANG_CXX_LIBRARY = "libc++";
				CLANG_ENABLE_MODULES = YES;
				CLANG_ENABLE_OBJC_ARC = YES;
				CLANG_ENABLE_OBJC_WEAK = YES;
				CLANG_WARN_BLOCK_CAPTURE_AUTORELEASING = YES;
				CLANG_WARN_BOOL_CONVERSION = YES;
				CLANG_WARN_COMMA = YES;
				CLANG_WARN_CONSTANT_CONVERSION = YES;
				CLANG_WARN_DEPRECATED_OBJC_IMPLEMENTATIONS = YES;
				CLANG_WARN_DIRECT_OBJC_ISA_USAGE = YES_ERROR;
				CLANG_WARN_DOCUMENTATION_COMMENTS = YES;
				CLANG_WARN_EMPTY_BODY = YES;
				CLANG_WARN_ENUM_CONVERSION = YES;
				CLANG_WARN_INFINITE_RECURSION = YES;
				CLANG_WARN_INT_CONVERSION = YES;
				CLANG_WARN_NON_LITERAL_NULL_CONVERSION = YES;
				CLANG_WARN_OBJC_IMPLICIT_RETAIN_SELF = YES;
				CLANG_WARN_OBJC_LITERAL_CONVERSION = YES;
				CLANG_WARN_OBJC_ROOT_CLASS = YES_ERROR;
				CLANG_WARN_RANGE_LOOP_ANALYSIS = YES;
				CLANG_WARN_STRICT_PROTOTYPES = YES;
				CLANG_WARN_SUSPICIOUS_MOVE = YES;
				CLANG_WARN_UNGUARDED_AVAILABILITY = YES_AGGRESSIVE;
				CLANG_WARN_UNREACHABLE_CODE = YES;
				CLANG_WARN__DUPLICATE_METHOD_MATCH = YES;
				COPY_PHASE_STRIP = NO;
				DEBUG_INFORMATION_FORMAT = dwarf;
				ENABLE_STRICT_OBJC_MSGSEND = YES;
				ENABLE_TESTABILITY = YES;
				GCC_C_LANGUAGE_STANDARD = gnu11;
				GCC_DYNAMIC_NO_PIC = NO;
				GCC_NO_COMMON_BLOCKS = YES;
				GCC_OPTIMIZATION_LEVEL = 0;
				GCC_PREPROCESSOR_DEFINITIONS = (
					"DEBUG=1",
					"$(inherited)",
				);
				GCC_WARN_64_TO_32_BIT_CONVERSION = YES;
				GCC_WARN_ABOUT_RETURN_TYPE = YES_ERROR;
				GCC_WARN_UNDECLARED_SELECTOR = YES;
				GCC_WARN_UNINITIALIZED_AUTOS = YES_AGGRESSIVE;
				GCC_WARN_UNUSED_FUNCTION = YES;
				GCC_WARN_UNUSED_VARIABLE = YES;
				IPHONEOS_DEPLOYMENT_TARGET = 13.4;
				MTL_ENABLE_DEBUG_INFO = INCLUDE_SOURCE;
				MTL_FAST_MATH = YES;
				ONLY_ACTIVE_ARCH = YES;
				SDKROOT = iphoneos;
				SWIFT_ACTIVE_COMPILATION_CONDITIONS = DEBUG;
				SWIFT_OPTIMIZATION_LEVEL = "-Onone";
			};
			name = Debug;
		};
		C8EA422824383358000E55AF /* Release */ = {
			isa = XCBuildConfiguration;
			buildSettings = {
				ALWAYS_SEARCH_USER_PATHS = NO;
				CLANG_ANALYZER_NONNULL = YES;
				CLANG_ANALYZER_NUMBER_OBJECT_CONVERSION = YES_AGGRESSIVE;
				CLANG_CXX_LANGUAGE_STANDARD = "gnu++14";
				CLANG_CXX_LIBRARY = "libc++";
				CLANG_ENABLE_MODULES = YES;
				CLANG_ENABLE_OBJC_ARC = YES;
				CLANG_ENABLE_OBJC_WEAK = YES;
				CLANG_WARN_BLOCK_CAPTURE_AUTORELEASING = YES;
				CLANG_WARN_BOOL_CONVERSION = YES;
				CLANG_WARN_COMMA = YES;
				CLANG_WARN_CONSTANT_CONVERSION = YES;
				CLANG_WARN_DEPRECATED_OBJC_IMPLEMENTATIONS = YES;
				CLANG_WARN_DIRECT_OBJC_ISA_USAGE = YES_ERROR;
				CLANG_WARN_DOCUMENTATION_COMMENTS = YES;
				CLANG_WARN_EMPTY_BODY = YES;
				CLANG_WARN_ENUM_CONVERSION = YES;
				CLANG_WARN_INFINITE_RECURSION = YES;
				CLANG_WARN_INT_CONVERSION = YES;
				CLANG_WARN_NON_LITERAL_NULL_CONVERSION = YES;
				CLANG_WARN_OBJC_IMPLICIT_RETAIN_SELF = YES;
				CLANG_WARN_OBJC_LITERAL_CONVERSION = YES;
				CLANG_WARN_OBJC_ROOT_CLASS = YES_ERROR;
				CLANG_WARN_RANGE_LOOP_ANALYSIS = YES;
				CLANG_WARN_STRICT_PROTOTYPES = YES;
				CLANG_WARN_SUSPICIOUS_MOVE = YES;
				CLANG_WARN_UNGUARDED_AVAILABILITY = YES_AGGRESSIVE;
				CLANG_WARN_UNREACHABLE_CODE = YES;
				CLANG_WARN__DUPLICATE_METHOD_MATCH = YES;
				COPY_PHASE_STRIP = NO;
				DEBUG_INFORMATION_FORMAT = "dwarf-with-dsym";
				ENABLE_NS_ASSERTIONS = NO;
				ENABLE_STRICT_OBJC_MSGSEND = YES;
				GCC_C_LANGUAGE_STANDARD = gnu11;
				GCC_NO_COMMON_BLOCKS = YES;
				GCC_WARN_64_TO_32_BIT_CONVERSION = YES;
				GCC_WARN_ABOUT_RETURN_TYPE = YES_ERROR;
				GCC_WARN_UNDECLARED_SELECTOR = YES;
				GCC_WARN_UNINITIALIZED_AUTOS = YES_AGGRESSIVE;
				GCC_WARN_UNUSED_FUNCTION = YES;
				GCC_WARN_UNUSED_VARIABLE = YES;
				IPHONEOS_DEPLOYMENT_TARGET = 13.4;
				MTL_ENABLE_DEBUG_INFO = NO;
				MTL_FAST_MATH = YES;
				SDKROOT = iphoneos;
				SWIFT_COMPILATION_MODE = wholemodule;
				SWIFT_OPTIMIZATION_LEVEL = "-O";
				VALIDATE_PRODUCT = YES;
			};
			name = Release;
		};
		C8EA422A24383358000E55AF /* Debug */ = {
			isa = XCBuildConfiguration;
			buildSettings = {
				ASSETCATALOG_COMPILER_APPICON_NAME = AppIcon;
				CODE_SIGN_STYLE = Automatic;
				DEVELOPMENT_TEAM = D42D4S8LQX;
				ENABLE_PREVIEWS = YES;
				INFOPLIST_FILE = WCRB/Info.plist;
				LD_RUNPATH_SEARCH_PATHS = (
					"$(inherited)",
					"@executable_path/Frameworks",
				);
				PRODUCT_BUNDLE_IDENTIFIER = com.wgramer.WCRB;
				PRODUCT_NAME = "$(TARGET_NAME)";
				SWIFT_VERSION = 5.0;
				TARGETED_DEVICE_FAMILY = "1,2";
			};
			name = Debug;
		};
		C8EA422B24383358000E55AF /* Release */ = {
			isa = XCBuildConfiguration;
			buildSettings = {
				ASSETCATALOG_COMPILER_APPICON_NAME = AppIcon;
				CODE_SIGN_STYLE = Automatic;
				DEVELOPMENT_TEAM = D42D4S8LQX;
				ENABLE_PREVIEWS = YES;
				INFOPLIST_FILE = WCRB/Info.plist;
				LD_RUNPATH_SEARCH_PATHS = (
					"$(inherited)",
					"@executable_path/Frameworks",
				);
				PRODUCT_BUNDLE_IDENTIFIER = com.wgramer.WCRB;
				PRODUCT_NAME = "$(TARGET_NAME)";
				SWIFT_VERSION = 5.0;
				TARGETED_DEVICE_FAMILY = "1,2";
			};
			name = Release;
		};
/* End XCBuildConfiguration section */

/* Begin XCConfigurationList section */
		C8EA421024383354000E55AF /* Build configuration list for PBXProject "WCRB" */ = {
			isa = XCConfigurationList;
			buildConfigurations = (
				C8EA422724383358000E55AF /* Debug */,
				C8EA422824383358000E55AF /* Release */,
			);
			defaultConfigurationIsVisible = 0;
			defaultConfigurationName = Release;
		};
		C8EA422924383358000E55AF /* Build configuration list for PBXNativeTarget "WCRB" */ = {
			isa = XCConfigurationList;
			buildConfigurations = (
				C8EA422A24383358000E55AF /* Debug */,
				C8EA422B24383358000E55AF /* Release */,
			);
			defaultConfigurationIsVisible = 0;
			defaultConfigurationName = Release;
		};
/* End XCConfigurationList section */

/* Begin XCRemoteSwiftPackageReference section */
		C8657588243EC64C0043F6EB /* XCRemoteSwiftPackageReference "SnapKit" */ = {
			isa = XCRemoteSwiftPackageReference;
			repositoryURL = "https://github.com/SnapKit/SnapKit";
			requirement = {
				kind = upToNextMajorVersion;
				minimumVersion = 5.0.1;
			};
		};
/* End XCRemoteSwiftPackageReference section */

/* Begin XCSwiftPackageProductDependency section */
		C8657589243EC64C0043F6EB /* SnapKit */ = {
			isa = XCSwiftPackageProductDependency;
			package = C8657588243EC64C0043F6EB /* XCRemoteSwiftPackageReference "SnapKit" */;
			productName = SnapKit;
		};
/* End XCSwiftPackageProductDependency section */
	};
	rootObject = C8EA420D24383354000E55AF /* Project object */;
}
